
Microsoft Visual Studio Solution File, Format Version 12.00
# Visual Studio Version 16
VisualStudioVersion = 16.0.29519.181
MinimumVisualStudioVersion = 10.0.40219.1
Project("{9A19103F-16F7-4668-BE54-9A1E7A4F7556}") = "StudentManager", "StudentManager\StudentManager.csproj", "{32D30A78-9EB1-49FF-A0B8-7592E1E22B75}"
EndProject
Project("{9A19103F-16F7-4668-BE54-9A1E7A4F7556}") = "StudentManager.Core", "StudentManager.Core\StudentManager.Core.csproj", "{8E8052D4-2986-407D-A5DC-3A8BB251B024}"
EndProject
Project("{FAE04EC0-301F-11D3-BF4B-00C04F79EFBC}") = "StudentManager.Tests", "StudentManager.Tests\StudentManager.Tests.csproj", "{FFF7D43A-F816-42FB-BBEF-F87BA32844C6}"
EndProject
Global
	GlobalSection(SolutionConfigurationPlatforms) = preSolution
		Debug|Any CPU = Debug|Any CPU
		Release|Any CPU = Release|Any CPU
	EndGlobalSection
	GlobalSection(ProjectConfigurationPlatforms) = postSolution
		{32D30A78-9EB1-49FF-A0B8-7592E1E22B75}.Debug|Any CPU.ActiveCfg = Debug|Any CPU
		{32D30A78-9EB1-49FF-A0B8-7592E1E22B75}.Debug|Any CPU.Build.0 = Debug|Any CPU
		{32D30A78-9EB1-49FF-A0B8-7592E1E22B75}.Release|Any CPU.ActiveCfg = Release|Any CPU
		{32D30A78-9EB1-49FF-A0B8-7592E1E22B75}.Release|Any CPU.Build.0 = Release|Any CPU
		{8E8052D4-2986-407D-A5DC-3A8BB251B024}.Debug|Any CPU.ActiveCfg = Debug|Any CPU
		{8E8052D4-2986-407D-A5DC-3A8BB251B024}.Debug|Any CPU.Build.0 = Debug|Any CPU
		{8E8052D4-2986-407D-A5DC-3A8BB251B024}.Release|Any CPU.ActiveCfg = Release|Any CPU
		{8E8052D4-2986-407D-A5DC-3A8BB251B024}.Release|Any CPU.Build.0 = Release|Any CPU
		{FFF7D43A-F816-42FB-BBEF-F87BA32844C6}.Debug|Any CPU.ActiveCfg = Debug|Any CPU
		{FFF7D43A-F816-42FB-BBEF-F87BA32844C6}.Debug|Any CPU.Build.0 = Debug|Any CPU
		{FFF7D43A-F816-42FB-BBEF-F87BA32844C6}.Release|Any CPU.ActiveCfg = Release|Any CPU
		{FFF7D43A-F816-42FB-BBEF-F87BA32844C6}.Release|Any CPU.Build.0 = Release|Any CPU
	EndGlobalSection
	GlobalSection(SolutionProperties) = preSolution
		HideSolutionNode = FALSE
	EndGlobalSection
	GlobalSection(ExtensibilityGlobals) = postSolution
		SolutionGuid = {084C753C-B10D-4D2D-9F2A-267C151231A3}
	EndGlobalSection
EndGlobal
